// !$*UTF8*$!
{
	archiveVersion = 1;
	classes = {
	};
	objectVersion = 60;
	objects = {

/* Begin PBXBuildFile section */
		460D167D2CE633F200D358BE /* All_In_TeachApp.swift in Sources */ = {isa = PBXBuildFile; fileRef = 460D167C2CE633F200D358BE /* All_In_TeachApp.swift */; };
		460D16812CE633F300D358BE /* Assets.xcassets in Resources */ = {isa = PBXBuildFile; fileRef = 460D16802CE633F300D358BE /* Assets.xcassets */; };
		460D16842CE633F300D358BE /* Preview Assets.xcassets in Resources */ = {isa = PBXBuildFile; fileRef = 460D16832CE633F300D358BE /* Preview Assets.xcassets */; };
		460D168B2CEBA85800D358BE /* GameSelectButton.swift in Sources */ = {isa = PBXBuildFile; fileRef = 460D168A2CEBA85800D358BE /* GameSelectButton.swift */; };
		46535BC62D0B123E00F9E9D9 /* PokerVideo.swift in Sources */ = {isa = PBXBuildFile; fileRef = 46535BC52D0B123E00F9E9D9 /* PokerVideo.swift */; };
		46535BC82D108AE400F9E9D9 /* WarVideo.swift in Sources */ = {isa = PBXBuildFile; fileRef = 46535BC72D108AE400F9E9D9 /* WarVideo.swift */; };
		469807A52D035B5B00214944 /* PokerGame.swift in Sources */ = {isa = PBXBuildFile; fileRef = 469807A42D035B5B00214944 /* PokerGame.swift */; };
		46E6933D2CFF62D30004B386 /* WarGame.swift in Sources */ = {isa = PBXBuildFile; fileRef = 46E6933C2CFF62D30004B386 /* WarGame.swift */; };
/* End PBXBuildFile section */

/* Begin PBXFileReference section */
		460D16792CE633F200D358BE /* All In Teach.app */ = {isa = PBXFileReference; explicitFileType = wrapper.application; includeInIndex = 0; path = "All In Teach.app"; sourceTree = BUILT_PRODUCTS_DIR; };
		460D167C2CE633F200D358BE /* All_In_TeachApp.swift */ = {isa = PBXFileReference; lastKnownFileType = sourcecode.swift; path = All_In_TeachApp.swift; sourceTree = "<group>"; };
		460D16802CE633F300D358BE /* Assets.xcassets */ = {isa = PBXFileReference; lastKnownFileType = folder.assetcatalog; path = Assets.xcassets; sourceTree = "<group>"; };
		460D16832CE633F300D358BE /* Preview Assets.xcassets */ = {isa = PBXFileReference; lastKnownFileType = folder.assetcatalog; path = "Preview Assets.xcassets"; sourceTree = "<group>"; };
		460D168A2CEBA85800D358BE /* GameSelectButton.swift */ = {isa = PBXFileReference; lastKnownFileType = sourcecode.swift; path = GameSelectButton.swift; sourceTree = "<group>"; };
		46535BC52D0B123E00F9E9D9 /* PokerVideo.swift */ = {isa = PBXFileReference; lastKnownFileType = sourcecode.swift; path = PokerVideo.swift; sourceTree = "<group>"; };
		46535BC72D108AE400F9E9D9 /* WarVideo.swift */ = {isa = PBXFileReference; lastKnownFileType = sourcecode.swift; path = WarVideo.swift; sourceTree = "<group>"; };
		466CA5212D11CB7900CC0010 /* Big_Buck_Bunny_360_10s_1MB.mp4 */ = {isa = PBXFileReference; lastKnownFileType = file; path = Big_Buck_Bunny_360_10s_1MB.mp4; sourceTree = "<group>"; };
		469807A42D035B5B00214944 /* PokerGame.swift */ = {isa = PBXFileReference; lastKnownFileType = sourcecode.swift; path = PokerGame.swift; sourceTree = "<group>"; };
		46E6933C2CFF62D30004B386 /* WarGame.swift */ = {isa = PBXFileReference; lastKnownFileType = sourcecode.swift; path = WarGame.swift; sourceTree = "<group>"; };
/* End PBXFileReference section */

/* Begin PBXFrameworksBuildPhase section */
		460D16762CE633F200D358BE /* Frameworks */ = {
			isa = PBXFrameworksBuildPhase;
			buildActionMask = 2147483647;
			files = (
			);
			runOnlyForDeploymentPostprocessing = 0;
		};
/* End PBXFrameworksBuildPhase section */

/* Begin PBXGroup section */
		460D16702CE633F200D358BE = {
			isa = PBXGroup;
			children = (
				460D167B2CE633F200D358BE /* All In Teach */,
				460D167A2CE633F200D358BE /* Products */,
			);
			sourceTree = "<group>";
			usesTabs = 1;
		};
		460D167A2CE633F200D358BE /* Products */ = {
			isa = PBXGroup;
			children = (
				460D16792CE633F200D358BE /* All In Teach.app */,
			);
			name = Products;
			sourceTree = "<group>";
		};
		460D167B2CE633F200D358BE /* All In Teach */ = {
			isa = PBXGroup;
			children = (
				466CA5212D11CB7900CC0010 /* Big_Buck_Bunny_360_10s_1MB.mp4 */,
				460D167C2CE633F200D358BE /* All_In_TeachApp.swift */,
				460D168A2CEBA85800D358BE /* GameSelectButton.swift */,
				469807A42D035B5B00214944 /* PokerGame.swift */,
				46E6933C2CFF62D30004B386 /* WarGame.swift */,
				46535BC52D0B123E00F9E9D9 /* PokerVideo.swift */,
				46535BC72D108AE400F9E9D9 /* WarVideo.swift */,
				460D16802CE633F300D358BE /* Assets.xcassets */,
				460D16822CE633F300D358BE /* Preview Content */,
			);
			path = "All In Teach";
			sourceTree = "<group>";
		};
		460D16822CE633F300D358BE /* Preview Content */ = {
			isa = PBXGroup;
			children = (
				460D16832CE633F300D358BE /* Preview Assets.xcassets */,
			);
			path = "Preview Content";
			sourceTree = "<group>";
		};
/* End PBXGroup section */

/* Begin PBXNativeTarget section */
		460D16782CE633F200D358BE /* All In Teach */ = {
			isa = PBXNativeTarget;
			buildConfigurationList = 460D16872CE633F300D358BE /* Build configuration list for PBXNativeTarget "All In Teach" */;
			buildPhases = (
				460D16752CE633F200D358BE /* Sources */,
				460D16762CE633F200D358BE /* Frameworks */,
				460D16772CE633F200D358BE /* Resources */,
			);
			buildRules = (
			);
			dependencies = (
			);
			name = "All In Teach";
			productName = "All In Teach";
			productReference = 460D16792CE633F200D358BE /* All In Teach.app */;
			productType = "com.apple.product-type.application";
		};
/* End PBXNativeTarget section */

/* Begin PBXProject section */
		460D16712CE633F200D358BE /* Project object */ = {
			isa = PBXProject;
			attributes = {
				BuildIndependentTargetsInParallel = 1;
				LastSwiftUpdateCheck = 1520;
				LastUpgradeCheck = 1520;
				TargetAttributes = {
					460D16782CE633F200D358BE = {
						CreatedOnToolsVersion = 15.2;
					};
				};
			};
			buildConfigurationList = 460D16742CE633F200D358BE /* Build configuration list for PBXProject "All In Teach" */;
			compatibilityVersion = "Xcode 15.0";
			developmentRegion = en;
			hasScannedForEncodings = 0;
			knownRegions = (
				en,
				Base,
			);
			mainGroup = 460D16702CE633F200D358BE;
			productRefGroup = 460D167A2CE633F200D358BE /* Products */;
			projectDirPath = "";
			projectRoot = "";
			targets = (
				460D16782CE633F200D358BE /* All In Teach */,
			);
		};
/* End PBXProject section */

/* Begin PBXResourcesBuildPhase section */
		460D16772CE633F200D358BE /* Resources */ = {
			isa = PBXResourcesBuildPhase;
			buildActionMask = 2147483647;
			files = (
				460D16842CE633F300D358BE /* Preview Assets.xcassets in Resources */,
				460D16812CE633F300D358BE /* Assets.xcassets in Resources */,
			);
			runOnlyForDeploymentPostprocessing = 0;
		};
/* End PBXResourcesBuildPhase section */

/* Begin PBXSourcesBuildPhase section */
		460D16752CE633F200D358BE /* Sources */ = {
			isa = PBXSourcesBuildPhase;
			buildActionMask = 2147483647;
			files = (
				46535BC62D0B123E00F9E9D9 /* PokerVideo.swift in Sources */,
				460D168B2CEBA85800D358BE /* GameSelectButton.swift in Sources */,
				469807A52D035B5B00214944 /* PokerGame.swift in Sources */,
				46E6933D2CFF62D30004B386 /* WarGame.swift in Sources */,
				46535BC82D108AE400F9E9D9 /* WarVideo.swift in Sources */,
				460D167D2CE633F200D358BE /* All_In_TeachApp.swift in Sources */,
			);
			runOnlyForDeploymentPostprocessing = 0;
		};
/* End PBXSourcesBuildPhase section */

/* Begin XCBuildConfiguration section */
		460D16852CE633F300D358BE /* Debug */ = {
			isa = XCBuildConfiguration;
			buildSettings = {
				ALWAYS_SEARCH_USER_PATHS = NO;
				ASSETCATALOG_COMPILER_GENERATE_SWIFT_ASSET_SYMBOL_EXTENSIONS = YES;
				CLANG_ANALYZER_NONNULL = YES;
				CLANG_ANALYZER_NUMBER_OBJECT_CONVERSION = YES_AGGRESSIVE;
				CLANG_CXX_LANGUAGE_STANDARD = "gnu++20";
				CLANG_ENABLE_MODULES = YES;
				CLANG_ENABLE_OBJC_ARC = YES;
				CLANG_ENABLE_OBJC_WEAK = YES;
				CLANG_WARN_BLOCK_CAPTURE_AUTORELEASING = YES;
				CLANG_WARN_BOOL_CONVERSION = YES;
				CLANG_WARN_COMMA = YES;
				CLANG_WARN_CONSTANT_CONVERSION = YES;
				CLANG_WARN_DEPRECATED_OBJC_IMPLEMENTATIONS = YES;
				CLANG_WARN_DIRECT_OBJC_ISA_USAGE = YES_ERROR;
				CLANG_WARN_DOCUMENTATION_COMMENTS = YES;
				CLANG_WARN_EMPTY_BODY = YES;
				CLANG_WARN_ENUM_CONVERSION = YES;
				CLANG_WARN_INFINITE_RECURSION = YES;
				CLANG_WARN_INT_CONVERSION = YES;
				CLANG_WARN_NON_LITERAL_NULL_CONVERSION = YES;
				CLANG_WARN_OBJC_IMPLICIT_RETAIN_SELF = YES;
				CLANG_WARN_OBJC_LITERAL_CONVERSION = YES;
				CLANG_WARN_OBJC_ROOT_CLASS = YES_ERROR;
				CLANG_WARN_QUOTED_INCLUDE_IN_FRAMEWORK_HEADER = YES;
				CLANG_WARN_RANGE_LOOP_ANALYSIS = YES;
				CLANG_WARN_STRICT_PROTOTYPES = YES;
				CLANG_WARN_SUSPICIOUS_MOVE = YES;
				CLANG_WARN_UNGUARDED_AVAILABILITY = YES_AGGRESSIVE;
				CLANG_WARN_UNREACHABLE_CODE = YES;
				CLANG_WARN__DUPLICATE_METHOD_MATCH = YES;
				COPY_PHASE_STRIP = NO;
				DEBUG_INFORMATION_FORMAT = dwarf;
				ENABLE_STRICT_OBJC_MSGSEND = YES;
				ENABLE_TESTABILITY = YES;
				ENABLE_USER_SCRIPT_SANDBOXING = YES;
				GCC_C_LANGUAGE_STANDARD = gnu17;
				GCC_DYNAMIC_NO_PIC = NO;
				GCC_NO_COMMON_BLOCKS = YES;
				GCC_OPTIMIZATION_LEVEL = 0;
				GCC_PREPROCESSOR_DEFINITIONS = (
					"DEBUG=1",
					"$(inherited)",
				);
				GCC_WARN_64_TO_32_BIT_CONVERSION = YES;
				GCC_WARN_ABOUT_RETURN_TYPE = YES_ERROR;
				GCC_WARN_UNDECLARED_SELECTOR = YES;
				GCC_WARN_UNINITIALIZED_AUTOS = YES_AGGRESSIVE;
				GCC_WARN_UNUSED_FUNCTION = YES;
				GCC_WARN_UNUSED_VARIABLE = YES;
				IPHONEOS_DEPLOYMENT_TARGET = 17.2;
				LOCALIZATION_PREFERS_STRING_CATALOGS = YES;
				MTL_ENABLE_DEBUG_INFO = INCLUDE_SOURCE;
				MTL_FAST_MATH = YES;
				ONLY_ACTIVE_ARCH = YES;
				SDKROOT = iphoneos;
				SWIFT_ACTIVE_COMPILATION_CONDITIONS = "DEBUG $(inherited)";
				SWIFT_OPTIMIZATION_LEVEL = "-Onone";
			};
			name = Debug;
		};
		460D16862CE633F300D358BE /* Release */ = {
			isa = XCBuildConfiguration;
			buildSettings = {
				ALWAYS_SEARCH_USER_PATHS = NO;
				ASSETCATALOG_COMPILER_GENERATE_SWIFT_ASSET_SYMBOL_EXTENSIONS = YES;
				CLANG_ANALYZER_NONNULL = YES;
				CLANG_ANALYZER_NUMBER_OBJECT_CONVERSION = YES_AGGRESSIVE;
				CLANG_CXX_LANGUAGE_STANDARD = "gnu++20";
				CLANG_ENABLE_MODULES = YES;
				CLANG_ENABLE_OBJC_ARC = YES;
				CLANG_ENABLE_OBJC_WEAK = YES;
				CLANG_WARN_BLOCK_CAPTURE_AUTORELEASING = YES;
				CLANG_WARN_BOOL_CONVERSION = YES;
				CLANG_WARN_COMMA = YES;
				CLANG_WARN_CONSTANT_CONVERSION = YES;
				CLANG_WARN_DEPRECATED_OBJC_IMPLEMENTATIONS = YES;
				CLANG_WARN_DIRECT_OBJC_ISA_USAGE = YES_ERROR;
				CLANG_WARN_DOCUMENTATION_COMMENTS = YES;
				CLANG_WARN_EMPTY_BODY = YES;
				CLANG_WARN_ENUM_CONVERSION = YES;
				CLANG_WARN_INFINITE_RECURSION = YES;
				CLANG_WARN_INT_CONVERSION = YES;
				CLANG_WARN_NON_LITERAL_NULL_CONVERSION = YES;
				CLANG_WARN_OBJC_IMPLICIT_RETAIN_SELF = YES;
				CLANG_WARN_OBJC_LITERAL_CONVERSION = YES;
				CLANG_WARN_OBJC_ROOT_CLASS = YES_ERROR;
				CLANG_WARN_QUOTED_INCLUDE_IN_FRAMEWORK_HEADER = YES;
				CLANG_WARN_RANGE_LOOP_ANALYSIS = YES;
				CLANG_WARN_STRICT_PROTOTYPES = YES;
				CLANG_WARN_SUSPICIOUS_MOVE = YES;
				CLANG_WARN_UNGUARDED_AVAILABILITY = YES_AGGRESSIVE;
				CLANG_WARN_UNREACHABLE_CODE = YES;
				CLANG_WARN__DUPLICATE_METHOD_MATCH = YES;
				COPY_PHASE_STRIP = NO;
				DEBUG_INFORMATION_FORMAT = "dwarf-with-dsym";
				ENABLE_NS_ASSERTIONS = NO;
				ENABLE_STRICT_OBJC_MSGSEND = YES;
				ENABLE_USER_SCRIPT_SANDBOXING = YES;
				GCC_C_LANGUAGE_STANDARD = gnu17;
				GCC_NO_COMMON_BLOCKS = YES;
				GCC_WARN_64_TO_32_BIT_CONVERSION = YES;
				GCC_WARN_ABOUT_RETURN_TYPE = YES_ERROR;
				GCC_WARN_UNDECLARED_SELECTOR = YES;
				GCC_WARN_UNINITIALIZED_AUTOS = YES_AGGRESSIVE;
				GCC_WARN_UNUSED_FUNCTION = YES;
				GCC_WARN_UNUSED_VARIABLE = YES;
				IPHONEOS_DEPLOYMENT_TARGET = 17.2;
				LOCALIZATION_PREFERS_STRING_CATALOGS = YES;
				MTL_ENABLE_DEBUG_INFO = NO;
				MTL_FAST_MATH = YES;
				SDKROOT = iphoneos;
				SWIFT_COMPILATION_MODE = wholemodule;
				VALIDATE_PRODUCT = YES;
			};
			name = Release;
		};
		460D16882CE633F300D358BE /* Debug */ = {
			isa = XCBuildConfiguration;
			buildSettings = {
				ASSETCATALOG_COMPILER_GLOBAL_ACCENT_COLOR_NAME = AccentColor;
				ASSETCATALOG_COMPILER_INCLUDE_ALL_APPICON_ASSETS = NO;
				CODE_SIGN_STYLE = Automatic;
				CURRENT_PROJECT_VERSION = 1;
				DEVELOPMENT_ASSET_PATHS = "\"All In Teach/Preview Content\"";
				DEVELOPMENT_TEAM = 56U3HUDPH2;
				ENABLE_PREVIEWS = YES;
				GENERATE_INFOPLIST_FILE = YES;
				INFOPLIST_KEY_CFBundleDisplayName = "All-In";
				INFOPLIST_KEY_LSApplicationCategoryType = "public.app-category.card-games";
				INFOPLIST_KEY_UIApplicationSceneManifest_Generation = YES;
				INFOPLIST_KEY_UIApplicationSupportsIndirectInputEvents = YES;
				INFOPLIST_KEY_UILaunchScreen_Generation = YES;
				INFOPLIST_KEY_UILaunchStoryboardName = /Users/kb6/Downloads/App_Icon.png;
				INFOPLIST_KEY_UIStatusBarStyle = "";
				INFOPLIST_KEY_UISupportedInterfaceOrientations_iPad = "UIInterfaceOrientationPortrait UIInterfaceOrientationPortraitUpsideDown UIInterfaceOrientationLandscapeLeft UIInterfaceOrientationLandscapeRight";
				INFOPLIST_KEY_UISupportedInterfaceOrientations_iPhone = "UIInterfaceOrientationPortrait UIInterfaceOrientationLandscapeLeft UIInterfaceOrientationLandscapeRight";
				LD_RUNPATH_SEARCH_PATHS = (
					"$(inherited)",
					"@executable_path/Frameworks",
				);
				MARKETING_VERSION = 1.0;
				PRODUCT_BUNDLE_IDENTIFIER = "com.BrokenReg.All-In-Teach";
				PRODUCT_NAME = "$(TARGET_NAME)";
				SWIFT_EMIT_LOC_STRINGS = YES;
				SWIFT_VERSION = 5.0;
				TARGETED_DEVICE_FAMILY = "1,2";
			};
			name = Debug;
		};
		460D16892CE633F300D358BE /* Release */ = {
			isa = XCBuildConfiguration;
			buildSettings = {
				ASSETCATALOG_COMPILER_GLOBAL_ACCENT_COLOR_NAME = AccentColor;
				ASSETCATALOG_COMPILER_INCLUDE_ALL_APPICON_ASSETS = NO;
				CODE_SIGN_STYLE = Automatic;
				CURRENT_PROJECT_VERSION = 1;
				DEVELOPMENT_ASSET_PATHS = "\"All In Teach/Preview Content\"";
				DEVELOPMENT_TEAM = 56U3HUDPH2;
				ENABLE_PREVIEWS = YES;
				GENERATE_INFOPLIST_FILE = YES;
				INFOPLIST_KEY_CFBundleDisplayName = "All-In";
				INFOPLIST_KEY_LSApplicationCategoryType = "public.app-category.card-games";
				INFOPLIST_KEY_UIApplicationSceneManifest_Generation = YES;
				INFOPLIST_KEY_UIApplicationSupportsIndirectInputEvents = YES;
				INFOPLIST_KEY_UILaunchScreen_Generation = YES;
				INFOPLIST_KEY_UILaunchStoryboardName = /Users/kb6/Downloads/App_Icon.png;
				INFOPLIST_KEY_UIStatusBarStyle = "";
				INFOPLIST_KEY_UISupportedInterfaceOrientations_iPad = "UIInterfaceOrientationPortrait UIInterfaceOrientationPortraitUpsideDown UIInterfaceOrientationLandscapeLeft UIInterfaceOrientationLandscapeRight";
				INFOPLIST_KEY_UISupportedInterfaceOrientations_iPhone = "UIInterfaceOrientationPortrait UIInterfaceOrientationLandscapeLeft UIInterfaceOrientationLandscapeRight";
				LD_RUNPATH_SEARCH_PATHS = (
					"$(inherited)",
					"@executable_path/Frameworks",
				);
				MARKETING_VERSION = 1.0;
				PRODUCT_BUNDLE_IDENTIFIER = "com.BrokenReg.All-In-Teach";
				PRODUCT_NAME = "$(TARGET_NAME)";
				SWIFT_EMIT_LOC_STRINGS = YES;
				SWIFT_VERSION = 5.0;
				TARGETED_DEVICE_FAMILY = "1,2";
			};
			name = Release;
		};
/* End XCBuildConfiguration section */

/* Begin XCConfigurationList section */
		460D16742CE633F200D358BE /* Build configuration list for PBXProject "All In Teach" */ = {
			isa = XCConfigurationList;
			buildConfigurations = (
				460D16852CE633F300D358BE /* Debug */,
				460D16862CE633F300D358BE /* Release */,
			);
			defaultConfigurationIsVisible = 0;
			defaultConfigurationName = Release;
		};
		460D16872CE633F300D358BE /* Build configuration list for PBXNativeTarget "All In Teach" */ = {
			isa = XCConfigurationList;
			buildConfigurations = (
				460D16882CE633F300D358BE /* Debug */,
				460D16892CE633F300D358BE /* Release */,
			);
			defaultConfigurationIsVisible = 0;
			defaultConfigurationName = Release;
		};
/* End XCConfigurationList section */
	};
	rootObject = 460D16712CE633F200D358BE /* Project object */;
}
